
Microsoft Visual Studio Solution File, Format Version 12.00
# Visual Studio 15
VisualStudioVersion = 15.0.28307.421
MinimumVisualStudioVersion = 10.0.40219.1
Project("{9A19103F-16F7-4668-BE54-9A1E7A4F7556}") = "DTS.API", "DTS\DTS.API.csproj", "{36E2B631-3D25-4C5C-94AA-937674C9E667}"
EndProject
Project("{9A19103F-16F7-4668-BE54-9A1E7A4F7556}") = "DTS.Client", "DtsWebClient\DTS.Client.csproj", "{62A9F0BE-C3B5-4B2D-B756-6DD1D78AD7D7}"
EndProject
Project("{9A19103F-16F7-4668-BE54-9A1E7A4F7556}") = "DTS.DAL", "DAL\DTS.DAL.csproj", "{DF31CA0C-C9D0-444D-9F66-F0FB8A4ECF93}"
EndProject
Project("{9A19103F-16F7-4668-BE54-9A1E7A4F7556}") = "DTS.Tests", "DTS.Tests\DTS.Tests.csproj", "{7E50E277-C183-4C74-BC57-0B03ED4C6381}"
EndProject
Project("{9A19103F-16F7-4668-BE54-9A1E7A4F7556}") = "DTS.Auth", "DTS.Auth\DTS.Auth.csproj", "{F6B53CEC-E1D0-4F38-956B-E74F3E5A4CA9}"
EndProject
Global
	GlobalSection(SolutionConfigurationPlatforms) = preSolution
		Debug|Any CPU = Debug|Any CPU
		Release|Any CPU = Release|Any CPU
	EndGlobalSection
	GlobalSection(ProjectConfigurationPlatforms) = postSolution
		{36E2B631-3D25-4C5C-94AA-937674C9E667}.Debug|Any CPU.ActiveCfg = Debug|Any CPU
		{36E2B631-3D25-4C5C-94AA-937674C9E667}.Debug|Any CPU.Build.0 = Debug|Any CPU
		{36E2B631-3D25-4C5C-94AA-937674C9E667}.Release|Any CPU.ActiveCfg = Release|Any CPU
		{36E2B631-3D25-4C5C-94AA-937674C9E667}.Release|Any CPU.Build.0 = Release|Any CPU
		{62A9F0BE-C3B5-4B2D-B756-6DD1D78AD7D7}.Debug|Any CPU.ActiveCfg = Debug|Any CPU
		{62A9F0BE-C3B5-4B2D-B756-6DD1D78AD7D7}.Debug|Any CPU.Build.0 = Debug|Any CPU
		{62A9F0BE-C3B5-4B2D-B756-6DD1D78AD7D7}.Release|Any CPU.ActiveCfg = Release|Any CPU
		{62A9F0BE-C3B5-4B2D-B756-6DD1D78AD7D7}.Release|Any CPU.Build.0 = Release|Any CPU
		{DF31CA0C-C9D0-444D-9F66-F0FB8A4ECF93}.Debug|Any CPU.ActiveCfg = Debug|Any CPU
		{DF31CA0C-C9D0-444D-9F66-F0FB8A4ECF93}.Debug|Any CPU.Build.0 = Debug|Any CPU
		{DF31CA0C-C9D0-444D-9F66-F0FB8A4ECF93}.Release|Any CPU.ActiveCfg = Release|Any CPU
		{DF31CA0C-C9D0-444D-9F66-F0FB8A4ECF93}.Release|Any CPU.Build.0 = Release|Any CPU
		{7E50E277-C183-4C74-BC57-0B03ED4C6381}.Debug|Any CPU.ActiveCfg = Debug|Any CPU
		{7E50E277-C183-4C74-BC57-0B03ED4C6381}.Debug|Any CPU.Build.0 = Debug|Any CPU
		{7E50E277-C183-4C74-BC57-0B03ED4C6381}.Release|Any CPU.ActiveCfg = Release|Any CPU
		{7E50E277-C183-4C74-BC57-0B03ED4C6381}.Release|Any CPU.Build.0 = Release|Any CPU
		{F6B53CEC-E1D0-4F38-956B-E74F3E5A4CA9}.Debug|Any CPU.ActiveCfg = Debug|Any CPU
		{F6B53CEC-E1D0-4F38-956B-E74F3E5A4CA9}.Debug|Any CPU.Build.0 = Debug|Any CPU
		{F6B53CEC-E1D0-4F38-956B-E74F3E5A4CA9}.Release|Any CPU.ActiveCfg = Release|Any CPU
		{F6B53CEC-E1D0-4F38-956B-E74F3E5A4CA9}.Release|Any CPU.Build.0 = Release|Any CPU
	EndGlobalSection
	GlobalSection(SolutionProperties) = preSolution
		HideSolutionNode = FALSE
	EndGlobalSection
	GlobalSection(ExtensibilityGlobals) = postSolution
		SolutionGuid = {AACD2FD2-8AE8-4689-A651-7E4663CBA62B}
	EndGlobalSection
EndGlobal
